
Microsoft Visual Studio Solution File, Format Version 12.00
# Visual Studio 15
VisualStudioVersion = 15.0.28307.1525
MinimumVisualStudioVersion = 10.0.40219.1
Project("{FAE04EC0-301F-11D3-BF4B-00C04F79EFBC}") = "DieuCaVatLy", "DieuCaVatLy\DieuCaVatLy.csproj", "{C03DD42C-619E-408F-BA4D-817E12A60C61}"
EndProject
Global
	GlobalSection(SolutionConfigurationPlatforms) = preSolution
		Debug|Any CPU = Debug|Any CPU
		Release|Any CPU = Release|Any CPU
	EndGlobalSection
	GlobalSection(ProjectConfigurationPlatforms) = postSolution
		{C03DD42C-619E-408F-BA4D-817E12A60C61}.Debug|Any CPU.ActiveCfg = Debug|Any CPU
		{C03DD42C-619E-408F-BA4D-817E12A60C61}.Debug|Any CPU.Build.0 = Debug|Any CPU
		{C03DD42C-619E-408F-BA4D-817E12A60C61}.Release|Any CPU.ActiveCfg = Release|Any CPU
		{C03DD42C-619E-408F-BA4D-817E12A60C61}.Release|Any CPU.Build.0 = Release|Any CPU
	EndGlobalSection
	GlobalSection(SolutionProperties) = preSolution
		HideSolutionNode = FALSE
	EndGlobalSection
	GlobalSection(ExtensibilityGlobals) = postSolution
		SolutionGuid = {44E9AB9F-C0E5-476F-A919-246367BA7407}
	EndGlobalSection
EndGlobal
